
Microsoft Visual Studio Solution File, Format Version 12.00
# Visual Studio Version 16
VisualStudioVersion = 16.0.30104.148
MinimumVisualStudioVersion = 10.0.40219.1
Project("{9A19103F-16F7-4668-BE54-9A1E7A4F7556}") = "MarketDataThrottling", "MarketDataThrottling\MarketDataThrottling.csproj", "{3219712D-0984-42D4-A2CD-242E33A6FB39}"
EndProject
Project("{9A19103F-16F7-4668-BE54-9A1E7A4F7556}") = "TestProject", "TestProject\TestProject.csproj", "{3D766EF3-6CE2-493E-85E8-3A4B93C2DFE6}"
EndProject
Project("{9A19103F-16F7-4668-BE54-9A1E7A4F7556}") = "MarketDataThrottlingStart", "Start\MarketDataThrottlingStart.csproj", "{4FCF31D8-58FD-44EE-AAD7-039D0BC0CE6D}"
EndProject
Project("{2150E333-8FDC-42A3-9474-1A3956D46DE8}") = "Start", "Start", "{54ECB712-22DA-4E5E-90DB-BF4456A81B91}"
EndProject
Global
	GlobalSection(SolutionConfigurationPlatforms) = preSolution
		Debug|Any CPU = Debug|Any CPU
		Release|Any CPU = Release|Any CPU
	EndGlobalSection
	GlobalSection(ProjectConfigurationPlatforms) = postSolution
		{3219712D-0984-42D4-A2CD-242E33A6FB39}.Debug|Any CPU.ActiveCfg = Debug|Any CPU
		{3219712D-0984-42D4-A2CD-242E33A6FB39}.Debug|Any CPU.Build.0 = Debug|Any CPU
		{3219712D-0984-42D4-A2CD-242E33A6FB39}.Release|Any CPU.ActiveCfg = Release|Any CPU
		{3219712D-0984-42D4-A2CD-242E33A6FB39}.Release|Any CPU.Build.0 = Release|Any CPU
		{3D766EF3-6CE2-493E-85E8-3A4B93C2DFE6}.Debug|Any CPU.ActiveCfg = Debug|Any CPU
		{3D766EF3-6CE2-493E-85E8-3A4B93C2DFE6}.Debug|Any CPU.Build.0 = Debug|Any CPU
		{3D766EF3-6CE2-493E-85E8-3A4B93C2DFE6}.Release|Any CPU.ActiveCfg = Release|Any CPU
		{3D766EF3-6CE2-493E-85E8-3A4B93C2DFE6}.Release|Any CPU.Build.0 = Release|Any CPU
		{4FCF31D8-58FD-44EE-AAD7-039D0BC0CE6D}.Debug|Any CPU.ActiveCfg = Debug|Any CPU
		{4FCF31D8-58FD-44EE-AAD7-039D0BC0CE6D}.Debug|Any CPU.Build.0 = Debug|Any CPU
		{4FCF31D8-58FD-44EE-AAD7-039D0BC0CE6D}.Release|Any CPU.ActiveCfg = Release|Any CPU
		{4FCF31D8-58FD-44EE-AAD7-039D0BC0CE6D}.Release|Any CPU.Build.0 = Release|Any CPU
	EndGlobalSection
	GlobalSection(SolutionProperties) = preSolution
		HideSolutionNode = FALSE
	EndGlobalSection
	GlobalSection(NestedProjects) = preSolution
		{4FCF31D8-58FD-44EE-AAD7-039D0BC0CE6D} = {54ECB712-22DA-4E5E-90DB-BF4456A81B91}
	EndGlobalSection
	GlobalSection(ExtensibilityGlobals) = postSolution
		SolutionGuid = {3FD1455B-E13C-4535-B797-F99302E0044A}
	EndGlobalSection
EndGlobal
